
Microsoft Visual Studio Solution File, Format Version 12.00
# Visual Studio Version 17
VisualStudioVersion = 17.2.32630.192
MinimumVisualStudioVersion = 10.0.40219.1
Project("{FAE04EC0-301F-11D3-BF4B-00C04F79EFBC}") = "LibraryTask", "LibraryTask\LibraryTask.csproj", "{086D91B7-2743-41CC-99DB-B01B431ABBEE}"
EndProject
Project("{FAE04EC0-301F-11D3-BF4B-00C04F79EFBC}") = "LibraryTask.DAL", "LibraryTask.DAL\LibraryTask.DAL.csproj", "{575884F5-7AB3-45FC-9236-111957F36241}"
EndProject
Project("{FAE04EC0-301F-11D3-BF4B-00C04F79EFBC}") = "LibraryTask.BAL", "Library.BAL\LibraryTask.BAL.csproj", "{D7A69E98-6293-4578-BBBA-3EBACB3059D0}"
EndProject
Global
	GlobalSection(SolutionConfigurationPlatforms) = preSolution
		Debug|Any CPU = Debug|Any CPU
		Release|Any CPU = Release|Any CPU
	EndGlobalSection
	GlobalSection(ProjectConfigurationPlatforms) = postSolution
		{086D91B7-2743-41CC-99DB-B01B431ABBEE}.Debug|Any CPU.ActiveCfg = Debug|Any CPU
		{086D91B7-2743-41CC-99DB-B01B431ABBEE}.Debug|Any CPU.Build.0 = Debug|Any CPU
		{086D91B7-2743-41CC-99DB-B01B431ABBEE}.Release|Any CPU.ActiveCfg = Release|Any CPU
		{086D91B7-2743-41CC-99DB-B01B431ABBEE}.Release|Any CPU.Build.0 = Release|Any CPU
		{575884F5-7AB3-45FC-9236-111957F36241}.Debug|Any CPU.ActiveCfg = Debug|Any CPU
		{575884F5-7AB3-45FC-9236-111957F36241}.Debug|Any CPU.Build.0 = Debug|Any CPU
		{575884F5-7AB3-45FC-9236-111957F36241}.Release|Any CPU.ActiveCfg = Release|Any CPU
		{575884F5-7AB3-45FC-9236-111957F36241}.Release|Any CPU.Build.0 = Release|Any CPU
		{D7A69E98-6293-4578-BBBA-3EBACB3059D0}.Debug|Any CPU.ActiveCfg = Debug|Any CPU
		{D7A69E98-6293-4578-BBBA-3EBACB3059D0}.Debug|Any CPU.Build.0 = Debug|Any CPU
		{D7A69E98-6293-4578-BBBA-3EBACB3059D0}.Release|Any CPU.ActiveCfg = Release|Any CPU
		{D7A69E98-6293-4578-BBBA-3EBACB3059D0}.Release|Any CPU.Build.0 = Release|Any CPU
	EndGlobalSection
	GlobalSection(SolutionProperties) = preSolution
		HideSolutionNode = FALSE
	EndGlobalSection
	GlobalSection(ExtensibilityGlobals) = postSolution
		SolutionGuid = {3EB431B1-FBE6-4FEA-8D6B-5A8A8BC7F9E4}
	EndGlobalSection
EndGlobal
